
Microsoft Visual Studio Solution File, Format Version 12.00
# Visual Studio Version 16
VisualStudioVersion = 16.0.29728.190
MinimumVisualStudioVersion = 10.0.40219.1
Project("{FAE04EC0-301F-11D3-BF4B-00C04F79EFBC}") = "Dino", "Dino\Dino.csproj", "{CC5D2FFA-EFA6-4F66-A306-FF0468DBBC45}"
EndProject
Global
	GlobalSection(SolutionConfigurationPlatforms) = preSolution
		Debug|Any CPU = Debug|Any CPU
		Release|Any CPU = Release|Any CPU
	EndGlobalSection
	GlobalSection(ProjectConfigurationPlatforms) = postSolution
		{CC5D2FFA-EFA6-4F66-A306-FF0468DBBC45}.Debug|Any CPU.ActiveCfg = Debug|Any CPU
		{CC5D2FFA-EFA6-4F66-A306-FF0468DBBC45}.Debug|Any CPU.Build.0 = Debug|Any CPU
		{CC5D2FFA-EFA6-4F66-A306-FF0468DBBC45}.Release|Any CPU.ActiveCfg = Release|Any CPU
		{CC5D2FFA-EFA6-4F66-A306-FF0468DBBC45}.Release|Any CPU.Build.0 = Release|Any CPU
	EndGlobalSection
	GlobalSection(SolutionProperties) = preSolution
		HideSolutionNode = FALSE
	EndGlobalSection
	GlobalSection(ExtensibilityGlobals) = postSolution
		SolutionGuid = {ABF660E9-1AE2-4356-B4EF-8F225B1BDAF7}
	EndGlobalSection
EndGlobal
